
Microsoft Visual Studio Solution File, Format Version 12.00
# Visual Studio Version 16
VisualStudioVersion = 16.0.31911.196
MinimumVisualStudioVersion = 10.0.40219.1
Project("{FAE04EC0-301F-11D3-BF4B-00C04F79EFBC}") = "Challenge2.Repo", "Challenge2.Repo\Challenge2.Repo.csproj", "{D1A79308-0B8E-447E-B18D-71C95B90E14B}"
EndProject
Project("{FAE04EC0-301F-11D3-BF4B-00C04F79EFBC}") = "Challenge2.UI", "Challenge2.UI\Challenge2.UI.csproj", "{17929764-FE8A-42CA-AA55-FBB41D330AC2}"
EndProject
Project("{FAE04EC0-301F-11D3-BF4B-00C04F79EFBC}") = "Challenge2.Testing", "Challenge2.Testing\Challenge2.Testing.csproj", "{CADB57A3-EAD7-478F-9FBE-EF35E4205654}"
EndProject
Global
	GlobalSection(SolutionConfigurationPlatforms) = preSolution
		Debug|Any CPU = Debug|Any CPU
		Release|Any CPU = Release|Any CPU
	EndGlobalSection
	GlobalSection(ProjectConfigurationPlatforms) = postSolution
		{D1A79308-0B8E-447E-B18D-71C95B90E14B}.Debug|Any CPU.ActiveCfg = Debug|Any CPU
		{D1A79308-0B8E-447E-B18D-71C95B90E14B}.Debug|Any CPU.Build.0 = Debug|Any CPU
		{D1A79308-0B8E-447E-B18D-71C95B90E14B}.Release|Any CPU.ActiveCfg = Release|Any CPU
		{D1A79308-0B8E-447E-B18D-71C95B90E14B}.Release|Any CPU.Build.0 = Release|Any CPU
		{17929764-FE8A-42CA-AA55-FBB41D330AC2}.Debug|Any CPU.ActiveCfg = Debug|Any CPU
		{17929764-FE8A-42CA-AA55-FBB41D330AC2}.Debug|Any CPU.Build.0 = Debug|Any CPU
		{17929764-FE8A-42CA-AA55-FBB41D330AC2}.Release|Any CPU.ActiveCfg = Release|Any CPU
		{17929764-FE8A-42CA-AA55-FBB41D330AC2}.Release|Any CPU.Build.0 = Release|Any CPU
		{CADB57A3-EAD7-478F-9FBE-EF35E4205654}.Debug|Any CPU.ActiveCfg = Debug|Any CPU
		{CADB57A3-EAD7-478F-9FBE-EF35E4205654}.Debug|Any CPU.Build.0 = Debug|Any CPU
		{CADB57A3-EAD7-478F-9FBE-EF35E4205654}.Release|Any CPU.ActiveCfg = Release|Any CPU
		{CADB57A3-EAD7-478F-9FBE-EF35E4205654}.Release|Any CPU.Build.0 = Release|Any CPU
	EndGlobalSection
	GlobalSection(SolutionProperties) = preSolution
		HideSolutionNode = FALSE
	EndGlobalSection
	GlobalSection(ExtensibilityGlobals) = postSolution
		SolutionGuid = {AAEEF5CF-3BE2-42AA-A10B-B94C0B039AD4}
	EndGlobalSection
EndGlobal
