
Microsoft Visual Studio Solution File, Format Version 12.00
# Visual Studio Version 16
VisualStudioVersion = 16.0.31911.196
MinimumVisualStudioVersion = 10.0.40219.1
Project("{FAE04EC0-301F-11D3-BF4B-00C04F79EFBC}") = "Challenge3.Repo", "Challenge3.Repo\Challenge3.Repo.csproj", "{EE6305FD-E56A-4446-A774-C1F833123C59}"
EndProject
Project("{FAE04EC0-301F-11D3-BF4B-00C04F79EFBC}") = "Challenge3.UI", "Challenge3.UI\Challenge3.UI.csproj", "{8C8656A3-256C-4D46-B157-DD975D5BDEDF}"
EndProject
Project("{FAE04EC0-301F-11D3-BF4B-00C04F79EFBC}") = "Challenge3.Testing", "Challenge3.Testing\Challenge3.Testing.csproj", "{C1E2FD3D-FFD7-4F15-9228-AEC475145600}"
EndProject
Global
	GlobalSection(SolutionConfigurationPlatforms) = preSolution
		Debug|Any CPU = Debug|Any CPU
		Release|Any CPU = Release|Any CPU
	EndGlobalSection
	GlobalSection(ProjectConfigurationPlatforms) = postSolution
		{EE6305FD-E56A-4446-A774-C1F833123C59}.Debug|Any CPU.ActiveCfg = Debug|Any CPU
		{EE6305FD-E56A-4446-A774-C1F833123C59}.Debug|Any CPU.Build.0 = Debug|Any CPU
		{EE6305FD-E56A-4446-A774-C1F833123C59}.Release|Any CPU.ActiveCfg = Release|Any CPU
		{EE6305FD-E56A-4446-A774-C1F833123C59}.Release|Any CPU.Build.0 = Release|Any CPU
		{8C8656A3-256C-4D46-B157-DD975D5BDEDF}.Debug|Any CPU.ActiveCfg = Debug|Any CPU
		{8C8656A3-256C-4D46-B157-DD975D5BDEDF}.Debug|Any CPU.Build.0 = Debug|Any CPU
		{8C8656A3-256C-4D46-B157-DD975D5BDEDF}.Release|Any CPU.ActiveCfg = Release|Any CPU
		{8C8656A3-256C-4D46-B157-DD975D5BDEDF}.Release|Any CPU.Build.0 = Release|Any CPU
		{C1E2FD3D-FFD7-4F15-9228-AEC475145600}.Debug|Any CPU.ActiveCfg = Debug|Any CPU
		{C1E2FD3D-FFD7-4F15-9228-AEC475145600}.Debug|Any CPU.Build.0 = Debug|Any CPU
		{C1E2FD3D-FFD7-4F15-9228-AEC475145600}.Release|Any CPU.ActiveCfg = Release|Any CPU
		{C1E2FD3D-FFD7-4F15-9228-AEC475145600}.Release|Any CPU.Build.0 = Release|Any CPU
	EndGlobalSection
	GlobalSection(SolutionProperties) = preSolution
		HideSolutionNode = FALSE
	EndGlobalSection
	GlobalSection(ExtensibilityGlobals) = postSolution
		SolutionGuid = {B89D19E6-8FA9-4E8D-8BAB-B3B1914BDECF}
	EndGlobalSection
EndGlobal
