
Microsoft Visual Studio Solution File, Format Version 12.00
# Visual Studio Version 16
VisualStudioVersion = 16.0.31911.196
MinimumVisualStudioVersion = 10.0.40219.1
Project("{FAE04EC0-301F-11D3-BF4B-00C04F79EFBC}") = "Challenge1.Repo", "Challenge1.Repo\Challenge1.Repo.csproj", "{F49182AD-9FF7-4ECE-A94B-83FD4361A87D}"
EndProject
Project("{FAE04EC0-301F-11D3-BF4B-00C04F79EFBC}") = "Challenge1.UI", "Challenge1.UI\Challenge1.UI.csproj", "{A36933EC-B535-4A35-ABCA-E30B7D711816}"
EndProject
Project("{FAE04EC0-301F-11D3-BF4B-00C04F79EFBC}") = "Challenge1.Testing", "Challenge1.Testing\Challenge1.Testing.csproj", "{AD9A1683-684D-4DFB-9C1B-4A8111762122}"
EndProject
Global
	GlobalSection(SolutionConfigurationPlatforms) = preSolution
		Debug|Any CPU = Debug|Any CPU
		Release|Any CPU = Release|Any CPU
	EndGlobalSection
	GlobalSection(ProjectConfigurationPlatforms) = postSolution
		{F49182AD-9FF7-4ECE-A94B-83FD4361A87D}.Debug|Any CPU.ActiveCfg = Debug|Any CPU
		{F49182AD-9FF7-4ECE-A94B-83FD4361A87D}.Debug|Any CPU.Build.0 = Debug|Any CPU
		{F49182AD-9FF7-4ECE-A94B-83FD4361A87D}.Release|Any CPU.ActiveCfg = Release|Any CPU
		{F49182AD-9FF7-4ECE-A94B-83FD4361A87D}.Release|Any CPU.Build.0 = Release|Any CPU
		{A36933EC-B535-4A35-ABCA-E30B7D711816}.Debug|Any CPU.ActiveCfg = Debug|Any CPU
		{A36933EC-B535-4A35-ABCA-E30B7D711816}.Debug|Any CPU.Build.0 = Debug|Any CPU
		{A36933EC-B535-4A35-ABCA-E30B7D711816}.Release|Any CPU.ActiveCfg = Release|Any CPU
		{A36933EC-B535-4A35-ABCA-E30B7D711816}.Release|Any CPU.Build.0 = Release|Any CPU
		{AD9A1683-684D-4DFB-9C1B-4A8111762122}.Debug|Any CPU.ActiveCfg = Debug|Any CPU
		{AD9A1683-684D-4DFB-9C1B-4A8111762122}.Debug|Any CPU.Build.0 = Debug|Any CPU
		{AD9A1683-684D-4DFB-9C1B-4A8111762122}.Release|Any CPU.ActiveCfg = Release|Any CPU
		{AD9A1683-684D-4DFB-9C1B-4A8111762122}.Release|Any CPU.Build.0 = Release|Any CPU
	EndGlobalSection
	GlobalSection(SolutionProperties) = preSolution
		HideSolutionNode = FALSE
	EndGlobalSection
	GlobalSection(ExtensibilityGlobals) = postSolution
		SolutionGuid = {B05FE37B-268B-4C12-8957-6C4566CC5447}
	EndGlobalSection
EndGlobal
